
Microsoft Visual Studio Solution File, Format Version 12.00
# Visual Studio Version 17
VisualStudioVersion = 17.7.34221.43
MinimumVisualStudioVersion = 10.0.40219.1
Project("{FAE04EC0-301F-11D3-BF4B-00C04F79EFBC}") = "WebProjectAzure", "WebProjectAzure\WebProjectAzure.csproj", "{15875A40-28E7-43C0-B42D-92ACEE6EEEF8}"
EndProject
Global
	GlobalSection(SolutionConfigurationPlatforms) = preSolution
		Debug|Any CPU = Debug|Any CPU
		Release|Any CPU = Release|Any CPU
	EndGlobalSection
	GlobalSection(ProjectConfigurationPlatforms) = postSolution
		{15875A40-28E7-43C0-B42D-92ACEE6EEEF8}.Debug|Any CPU.ActiveCfg = Debug|Any CPU
		{15875A40-28E7-43C0-B42D-92ACEE6EEEF8}.Debug|Any CPU.Build.0 = Debug|Any CPU
		{15875A40-28E7-43C0-B42D-92ACEE6EEEF8}.Release|Any CPU.ActiveCfg = Release|Any CPU
		{15875A40-28E7-43C0-B42D-92ACEE6EEEF8}.Release|Any CPU.Build.0 = Release|Any CPU
	EndGlobalSection
	GlobalSection(SolutionProperties) = preSolution
		HideSolutionNode = FALSE
	EndGlobalSection
	GlobalSection(ExtensibilityGlobals) = postSolution
		SolutionGuid = {626187F1-27A4-42E5-AE5A-A2162CAB8212}
	EndGlobalSection
EndGlobal
